
Microsoft Visual Studio Solution File, Format Version 12.00
# Visual Studio Version 17
VisualStudioVersion = 17.0.31717.71
MinimumVisualStudioVersion = 10.0.40219.1
Project("{2150E333-8FDC-42A3-9474-1A3956D46DE8}") = "src", "src", "{41E2938B-C3DC-499E-B795-221C7526CA9B}"
EndProject
Project("{2150E333-8FDC-42A3-9474-1A3956D46DE8}") = "tests", "tests", "{768677F7-EF15-4A10-8689-F7E2F22D3480}"
EndProject
Project("{2150E333-8FDC-42A3-9474-1A3956D46DE8}") = "docs", "docs", "{96D15102-C97F-44F4-89C9-19C9935E2260}"
EndProject
Project("{2150E333-8FDC-42A3-9474-1A3956D46DE8}") = "Solution Items", "Solution Items", "{C06B5061-B7DC-4B7A-AC38-84AD5C9B41A6}"
	ProjectSection(SolutionItems) = preProject
		.editorconfig = .editorconfig
		.gitignore = .gitignore
		LICENSE = LICENSE
		README.md = README.md
	EndProjectSection
EndProject
Project("{9A19103F-16F7-4668-BE54-9A1E7A4F7556}") = "SIO.Mailer", "src\SIO.Mailer\SIO.Mailer.csproj", "{B04607F3-0489-4056-9721-53B670CB8EA0}"
EndProject
Project("{9A19103F-16F7-4668-BE54-9A1E7A4F7556}") = "SIO.Domain", "src\SIO.Domain\SIO.Domain.csproj", "{C43A5C31-7E3F-4AF1-87D3-AE7E2BF79923}"
EndProject
Project("{9A19103F-16F7-4668-BE54-9A1E7A4F7556}") = "SIO.Migrations", "src\SIO.Migrations\SIO.Migrations.csproj", "{0E0F3D24-7216-4E3E-8760-12C66A0A0C5C}"
EndProject
Project("{E53339B2-1760-4266-BCC7-CA923CBCF16C}") = "docker-compose", "docker-compose.dcproj", "{E400DA5B-CFD9-4653-8A06-475473BC095E}"
EndProject
Global
	GlobalSection(SolutionConfigurationPlatforms) = preSolution
		Debug|Any CPU = Debug|Any CPU
		Release|Any CPU = Release|Any CPU
	EndGlobalSection
	GlobalSection(ProjectConfigurationPlatforms) = postSolution
		{B04607F3-0489-4056-9721-53B670CB8EA0}.Debug|Any CPU.ActiveCfg = Debug|Any CPU
		{B04607F3-0489-4056-9721-53B670CB8EA0}.Debug|Any CPU.Build.0 = Debug|Any CPU
		{B04607F3-0489-4056-9721-53B670CB8EA0}.Release|Any CPU.ActiveCfg = Release|Any CPU
		{B04607F3-0489-4056-9721-53B670CB8EA0}.Release|Any CPU.Build.0 = Release|Any CPU
		{C43A5C31-7E3F-4AF1-87D3-AE7E2BF79923}.Debug|Any CPU.ActiveCfg = Debug|Any CPU
		{C43A5C31-7E3F-4AF1-87D3-AE7E2BF79923}.Debug|Any CPU.Build.0 = Debug|Any CPU
		{C43A5C31-7E3F-4AF1-87D3-AE7E2BF79923}.Release|Any CPU.ActiveCfg = Release|Any CPU
		{C43A5C31-7E3F-4AF1-87D3-AE7E2BF79923}.Release|Any CPU.Build.0 = Release|Any CPU
		{0E0F3D24-7216-4E3E-8760-12C66A0A0C5C}.Debug|Any CPU.ActiveCfg = Debug|Any CPU
		{0E0F3D24-7216-4E3E-8760-12C66A0A0C5C}.Debug|Any CPU.Build.0 = Debug|Any CPU
		{0E0F3D24-7216-4E3E-8760-12C66A0A0C5C}.Release|Any CPU.ActiveCfg = Release|Any CPU
		{0E0F3D24-7216-4E3E-8760-12C66A0A0C5C}.Release|Any CPU.Build.0 = Release|Any CPU
		{E400DA5B-CFD9-4653-8A06-475473BC095E}.Debug|Any CPU.ActiveCfg = Debug|Any CPU
		{E400DA5B-CFD9-4653-8A06-475473BC095E}.Debug|Any CPU.Build.0 = Debug|Any CPU
		{E400DA5B-CFD9-4653-8A06-475473BC095E}.Release|Any CPU.ActiveCfg = Release|Any CPU
		{E400DA5B-CFD9-4653-8A06-475473BC095E}.Release|Any CPU.Build.0 = Release|Any CPU
	EndGlobalSection
	GlobalSection(SolutionProperties) = preSolution
		HideSolutionNode = FALSE
	EndGlobalSection
	GlobalSection(NestedProjects) = preSolution
		{B04607F3-0489-4056-9721-53B670CB8EA0} = {41E2938B-C3DC-499E-B795-221C7526CA9B}
		{C43A5C31-7E3F-4AF1-87D3-AE7E2BF79923} = {41E2938B-C3DC-499E-B795-221C7526CA9B}
		{0E0F3D24-7216-4E3E-8760-12C66A0A0C5C} = {41E2938B-C3DC-499E-B795-221C7526CA9B}
	EndGlobalSection
	GlobalSection(ExtensibilityGlobals) = postSolution
		SolutionGuid = {55365F8C-C136-40CE-859C-C56FF177B340}
	EndGlobalSection
EndGlobal
